
Microsoft Visual Studio Solution File, Format Version 12.00
# Visual Studio Version 16
VisualStudioVersion = 16.0.31129.286
MinimumVisualStudioVersion = 10.0.40219.1
Project("{8BC9CEB8-8B4A-11D0-8D11-00A0C91BC942}") = "lab1_emmm", "lab1_emmm.vcxproj", "{1513E4E5-B268-4957-86C4-B74AF62767FA}"
EndProject
Global
	GlobalSection(SolutionConfigurationPlatforms) = preSolution
		Debug|x64 = Debug|x64
		Debug|x86 = Debug|x86
		Release|x64 = Release|x64
		Release|x86 = Release|x86
	EndGlobalSection
	GlobalSection(ProjectConfigurationPlatforms) = postSolution
		{1513E4E5-B268-4957-86C4-B74AF62767FA}.Debug|x64.ActiveCfg = Debug|x64
		{1513E4E5-B268-4957-86C4-B74AF62767FA}.Debug|x64.Build.0 = Debug|x64
		{1513E4E5-B268-4957-86C4-B74AF62767FA}.Debug|x86.ActiveCfg = Debug|Win32
		{1513E4E5-B268-4957-86C4-B74AF62767FA}.Debug|x86.Build.0 = Debug|Win32
		{1513E4E5-B268-4957-86C4-B74AF62767FA}.Release|x64.ActiveCfg = Release|x64
		{1513E4E5-B268-4957-86C4-B74AF62767FA}.Release|x64.Build.0 = Release|x64
		{1513E4E5-B268-4957-86C4-B74AF62767FA}.Release|x86.ActiveCfg = Release|Win32
		{1513E4E5-B268-4957-86C4-B74AF62767FA}.Release|x86.Build.0 = Release|Win32
	EndGlobalSection
	GlobalSection(SolutionProperties) = preSolution
		HideSolutionNode = FALSE
	EndGlobalSection
	GlobalSection(ExtensibilityGlobals) = postSolution
		SolutionGuid = {A3FE9820-B60A-4A5F-8BBF-5E6DA14DAA68}
	EndGlobalSection
EndGlobal
